
Microsoft Visual Studio Solution File, Format Version 12.00
# Visual Studio Version 17
VisualStudioVersion = 17.7.34024.191
MinimumVisualStudioVersion = 10.0.40219.1
Project("{2150E333-8FDC-42A3-9474-1A3956D46DE8}") = "Task0", "Task0", "{6C728940-F082-4592-9C91-3C0E3EDBC196}"
EndProject
Project("{FAE04EC0-301F-11D3-BF4B-00C04F79EFBC}") = "Tyuiu.NasyrovaVR.Sprint1.Task0.V9", "Tyuiu.NasyrovaVR.Sprint1.Task0.V9\Tyuiu.NasyrovaVR.Sprint1.Task0.V9.csproj", "{D826C4F6-299B-44E5-BEB7-121C97E2D05E}"
EndProject
Project("{FAE04EC0-301F-11D3-BF4B-00C04F79EFBC}") = "Tyuiu.NasyrovaVR.Sprint1.Task0.V9.Lib", "Tyuiu.NasyrovaVR.Sprint1.Task0.V9.Lib\Tyuiu.NasyrovaVR.Sprint1.Task0.V9.Lib.csproj", "{7BC20198-762E-495A-8687-C066A5F99A36}"
EndProject
Project("{FAE04EC0-301F-11D3-BF4B-00C04F79EFBC}") = "Tyuiu.NasyrovaVR.Sprint1.Task0.V9.Test", "Tyuiu.NasyrovaVR.Sprint1.Task0.V9.Test\Tyuiu.NasyrovaVR.Sprint1.Task0.V9.Test.csproj", "{C31A435A-C824-469E-B5B5-88DB498D8F8E}"
EndProject
Project("{2150E333-8FDC-42A3-9474-1A3956D46DE8}") = "Task1", "Task1", "{7A4D29A0-811D-4E9E-AF82-12A9FB005684}"
EndProject
Project("{FAE04EC0-301F-11D3-BF4B-00C04F79EFBC}") = "Tyuiu.NasyrovaVR.Sprint1.Task1.V3", "Tyuiu.NasyrovaVR.Sprint1.Task1.V3\Tyuiu.NasyrovaVR.Sprint1.Task1.V3.csproj", "{00CF78F4-29E8-4F6A-9D25-79263ABF87B8}"
EndProject
Project("{FAE04EC0-301F-11D3-BF4B-00C04F79EFBC}") = "Tyuiu.NasyrovaVR.Sprint1.Task1.V3.Lib", "Tyuiu.NasyrovaVR.Sprint1.Task1.V3.Lib\Tyuiu.NasyrovaVR.Sprint1.Task1.V3.Lib.csproj", "{AD275BBF-91B9-499F-AD3C-12272F2FBFC9}"
EndProject
Project("{FAE04EC0-301F-11D3-BF4B-00C04F79EFBC}") = "Tyuiu.NasyrovaVR.Sprint1.Task1.V3.Test", "Tyuiu.NasyrovaVR.Sprint1.Task1.V3.Test\Tyuiu.NasyrovaVR.Sprint1.Task1.V3.Test.csproj", "{80074109-CA5D-4216-8646-20EF5DB98092}"
EndProject
Global
	GlobalSection(SolutionConfigurationPlatforms) = preSolution
		Debug|Any CPU = Debug|Any CPU
		Release|Any CPU = Release|Any CPU
	EndGlobalSection
	GlobalSection(ProjectConfigurationPlatforms) = postSolution
		{D826C4F6-299B-44E5-BEB7-121C97E2D05E}.Debug|Any CPU.ActiveCfg = Debug|Any CPU
		{D826C4F6-299B-44E5-BEB7-121C97E2D05E}.Debug|Any CPU.Build.0 = Debug|Any CPU
		{D826C4F6-299B-44E5-BEB7-121C97E2D05E}.Release|Any CPU.ActiveCfg = Release|Any CPU
		{D826C4F6-299B-44E5-BEB7-121C97E2D05E}.Release|Any CPU.Build.0 = Release|Any CPU
		{7BC20198-762E-495A-8687-C066A5F99A36}.Debug|Any CPU.ActiveCfg = Debug|Any CPU
		{7BC20198-762E-495A-8687-C066A5F99A36}.Debug|Any CPU.Build.0 = Debug|Any CPU
		{7BC20198-762E-495A-8687-C066A5F99A36}.Release|Any CPU.ActiveCfg = Release|Any CPU
		{7BC20198-762E-495A-8687-C066A5F99A36}.Release|Any CPU.Build.0 = Release|Any CPU
		{C31A435A-C824-469E-B5B5-88DB498D8F8E}.Debug|Any CPU.ActiveCfg = Debug|Any CPU
		{C31A435A-C824-469E-B5B5-88DB498D8F8E}.Debug|Any CPU.Build.0 = Debug|Any CPU
		{C31A435A-C824-469E-B5B5-88DB498D8F8E}.Release|Any CPU.ActiveCfg = Release|Any CPU
		{C31A435A-C824-469E-B5B5-88DB498D8F8E}.Release|Any CPU.Build.0 = Release|Any CPU
		{00CF78F4-29E8-4F6A-9D25-79263ABF87B8}.Debug|Any CPU.ActiveCfg = Debug|Any CPU
		{00CF78F4-29E8-4F6A-9D25-79263ABF87B8}.Debug|Any CPU.Build.0 = Debug|Any CPU
		{00CF78F4-29E8-4F6A-9D25-79263ABF87B8}.Release|Any CPU.ActiveCfg = Release|Any CPU
		{00CF78F4-29E8-4F6A-9D25-79263ABF87B8}.Release|Any CPU.Build.0 = Release|Any CPU
		{AD275BBF-91B9-499F-AD3C-12272F2FBFC9}.Debug|Any CPU.ActiveCfg = Debug|Any CPU
		{AD275BBF-91B9-499F-AD3C-12272F2FBFC9}.Debug|Any CPU.Build.0 = Debug|Any CPU
		{AD275BBF-91B9-499F-AD3C-12272F2FBFC9}.Release|Any CPU.ActiveCfg = Release|Any CPU
		{AD275BBF-91B9-499F-AD3C-12272F2FBFC9}.Release|Any CPU.Build.0 = Release|Any CPU
		{80074109-CA5D-4216-8646-20EF5DB98092}.Debug|Any CPU.ActiveCfg = Debug|Any CPU
		{80074109-CA5D-4216-8646-20EF5DB98092}.Debug|Any CPU.Build.0 = Debug|Any CPU
		{80074109-CA5D-4216-8646-20EF5DB98092}.Release|Any CPU.ActiveCfg = Release|Any CPU
		{80074109-CA5D-4216-8646-20EF5DB98092}.Release|Any CPU.Build.0 = Release|Any CPU
	EndGlobalSection
	GlobalSection(SolutionProperties) = preSolution
		HideSolutionNode = FALSE
	EndGlobalSection
	GlobalSection(NestedProjects) = preSolution
		{D826C4F6-299B-44E5-BEB7-121C97E2D05E} = {6C728940-F082-4592-9C91-3C0E3EDBC196}
		{7BC20198-762E-495A-8687-C066A5F99A36} = {6C728940-F082-4592-9C91-3C0E3EDBC196}
		{C31A435A-C824-469E-B5B5-88DB498D8F8E} = {6C728940-F082-4592-9C91-3C0E3EDBC196}
		{00CF78F4-29E8-4F6A-9D25-79263ABF87B8} = {7A4D29A0-811D-4E9E-AF82-12A9FB005684}
		{AD275BBF-91B9-499F-AD3C-12272F2FBFC9} = {7A4D29A0-811D-4E9E-AF82-12A9FB005684}
		{80074109-CA5D-4216-8646-20EF5DB98092} = {7A4D29A0-811D-4E9E-AF82-12A9FB005684}
	EndGlobalSection
	GlobalSection(ExtensibilityGlobals) = postSolution
		SolutionGuid = {39FB38BC-C505-437E-910C-D435E2417B21}
	EndGlobalSection
EndGlobal
