
Microsoft Visual Studio Solution File, Format Version 12.00
# Visual Studio Version 17
VisualStudioVersion = 17.7.34024.191
MinimumVisualStudioVersion = 10.0.40219.1
Project("{2150E333-8FDC-42A3-9474-1A3956D46DE8}") = "Task0", "Task0", "{6C728940-F082-4592-9C91-3C0E3EDBC196}"
EndProject
Project("{FAE04EC0-301F-11D3-BF4B-00C04F79EFBC}") = "Tyuiu.NasyrovaVR.Sprint1.Task0.V9", "Tyuiu.NasyrovaVR.Sprint1.Task0.V9\Tyuiu.NasyrovaVR.Sprint1.Task0.V9.csproj", "{D826C4F6-299B-44E5-BEB7-121C97E2D05E}"
EndProject
Project("{FAE04EC0-301F-11D3-BF4B-00C04F79EFBC}") = "Tyuiu.NasyrovaVR.Sprint1.Task0.V9.Lib", "Tyuiu.NasyrovaVR.Sprint1.Task0.V9.Lib\Tyuiu.NasyrovaVR.Sprint1.Task0.V9.Lib.csproj", "{7BC20198-762E-495A-8687-C066A5F99A36}"
EndProject
Project("{FAE04EC0-301F-11D3-BF4B-00C04F79EFBC}") = "Tyuiu.NasyrovaVR.Sprint1.Task0.V9.Test", "Tyuiu.NasyrovaVR.Sprint1.Task0.V9.Test\Tyuiu.NasyrovaVR.Sprint1.Task0.V9.Test.csproj", "{C31A435A-C824-469E-B5B5-88DB498D8F8E}"
EndProject
Project("{2150E333-8FDC-42A3-9474-1A3956D46DE8}") = "Task1", "Task1", "{7A4D29A0-811D-4E9E-AF82-12A9FB005684}"
EndProject
Project("{FAE04EC0-301F-11D3-BF4B-00C04F79EFBC}") = "Tyuiu.NasyrovaVR.Sprint1.Task1.V3", "Tyuiu.NasyrovaVR.Sprint1.Task1.V3\Tyuiu.NasyrovaVR.Sprint1.Task1.V3.csproj", "{00CF78F4-29E8-4F6A-9D25-79263ABF87B8}"
EndProject
Project("{FAE04EC0-301F-11D3-BF4B-00C04F79EFBC}") = "Tyuiu.NasyrovaVR.Sprint1.Task1.V3.Lib", "Tyuiu.NasyrovaVR.Sprint1.Task1.V3.Lib\Tyuiu.NasyrovaVR.Sprint1.Task1.V3.Lib.csproj", "{AD275BBF-91B9-499F-AD3C-12272F2FBFC9}"
EndProject
Project("{FAE04EC0-301F-11D3-BF4B-00C04F79EFBC}") = "Tyuiu.NasyrovaVR.Sprint1.Task1.V3.Test", "Tyuiu.NasyrovaVR.Sprint1.Task1.V3.Test\Tyuiu.NasyrovaVR.Sprint1.Task1.V3.Test.csproj", "{80074109-CA5D-4216-8646-20EF5DB98092}"
EndProject
Project("{2150E333-8FDC-42A3-9474-1A3956D46DE8}") = "Task2", "Task2", "{5BEE56A6-98A2-488A-9590-83EC6513934D}"
EndProject
Project("{FAE04EC0-301F-11D3-BF4B-00C04F79EFBC}") = "Tyuiu.NasyrovaVR.Sprint1.Task2.V1", "Tyuiu.NasyrovaVR.Sprint1.Task2.V1\Tyuiu.NasyrovaVR.Sprint1.Task2.V1.csproj", "{67F114ED-3DE6-4F20-90A3-4262C4F2D4CC}"
EndProject
Project("{FAE04EC0-301F-11D3-BF4B-00C04F79EFBC}") = "Tyuiu.NasyrovaVR.Sprint1.Task2.V1.Lib", "Tyuiu.NasyrovaVR.Sprint1.Task2.V1.Lib\Tyuiu.NasyrovaVR.Sprint1.Task2.V1.Lib.csproj", "{C7E8831D-E5D6-4BBC-8943-53D62FF8A3E3}"
EndProject
Project("{FAE04EC0-301F-11D3-BF4B-00C04F79EFBC}") = "Tyuiu.NasyrovaVR.Sprint1.Task2.V1.Test", "Tyuiu.NasyrovaVR.Sprint1.Task2.V1.Test\Tyuiu.NasyrovaVR.Sprint1.Task2.V1.Test.csproj", "{07E2174F-509E-43FD-8989-FCD626996C2D}"
EndProject
Project("{2150E333-8FDC-42A3-9474-1A3956D46DE8}") = "Task3", "Task3", "{7B0DC7FE-E765-4A95-A536-8912F5DE7B82}"
EndProject
Project("{FAE04EC0-301F-11D3-BF4B-00C04F79EFBC}") = "Tyuiu.NasyrovaVR.Sprint1.Task3.V8", "Tyuiu.NasyrovaVR.Sprint1.Task3.V8\Tyuiu.NasyrovaVR.Sprint1.Task3.V8.csproj", "{600281D2-EFB9-4341-97D9-7B92AD3382F2}"
EndProject
Project("{FAE04EC0-301F-11D3-BF4B-00C04F79EFBC}") = "Tyuiu.NasyrovaVR.Sprint1.Task3.V8.Lib", "Tyuiu.NasyrovaVR.Sprint1.Task3.V8.Lib\Tyuiu.NasyrovaVR.Sprint1.Task3.V8.Lib.csproj", "{70B17EF4-F321-461E-B072-C9C6A644FB62}"
EndProject
Project("{FAE04EC0-301F-11D3-BF4B-00C04F79EFBC}") = "Tyuiu.NasyrovaVR.Sprint1.Task3.V8.Test", "Tyuiu.NasyrovaVR.Sprint1.Task3.V8.Test\Tyuiu.NasyrovaVR.Sprint1.Task3.V8.Test.csproj", "{05776594-9DBD-498A-8980-2542EC5D9B9D}"
EndProject
Project("{2150E333-8FDC-42A3-9474-1A3956D46DE8}") = "Task4", "Task4", "{F2A437E4-7739-4B6E-B46E-C762233CEB4B}"
EndProject
Project("{FAE04EC0-301F-11D3-BF4B-00C04F79EFBC}") = "Tyuiu.NasyrovaVR.Sprint1.Task4.V13", "Tyuiu.NasyrovaVR.Sprint1.Task4.V13\Tyuiu.NasyrovaVR.Sprint1.Task4.V13.csproj", "{A9D88DEA-5A26-4D39-BA8A-F0D4CBDC4D65}"
EndProject
Project("{FAE04EC0-301F-11D3-BF4B-00C04F79EFBC}") = "Tyuiu.NasyrovaVR.Sprint1.Task4.V13.Lib", "Tyuiu.NasyrovaVR.Sprint1.Task4.V13.Lib\Tyuiu.NasyrovaVR.Sprint1.Task4.V13.Lib.csproj", "{4B4C0F3C-37DA-435A-8B4E-192A58908F21}"
EndProject
Project("{FAE04EC0-301F-11D3-BF4B-00C04F79EFBC}") = "Tyuiu.NasyrovaVR.Sprint1.Task4.V13.Test", "Tyuiu.NasyrovaVR.Sprint1.Task4.V13.Test\Tyuiu.NasyrovaVR.Sprint1.Task4.V13.Test.csproj", "{DF196487-0284-4DED-9BAD-F32F93DAC783}"
EndProject
Project("{2150E333-8FDC-42A3-9474-1A3956D46DE8}") = "Task5", "Task5", "{BE711B54-7713-4729-A3F6-6D1B2EDD57F4}"
EndProject
Project("{FAE04EC0-301F-11D3-BF4B-00C04F79EFBC}") = "Tyuiu.NasyrovaVR.Sprint1.Task5.V1", "Tyuiu.NasyrovaVR.Sprint1.Task5.V1\Tyuiu.NasyrovaVR.Sprint1.Task5.V1.csproj", "{DDA90ED6-884F-4079-BA50-73DAF2BD551E}"
EndProject
Project("{FAE04EC0-301F-11D3-BF4B-00C04F79EFBC}") = "Tyuiu.NasyrovaVR.Sprint1.Task5.V1.Lib", "Tyuiu.NasyrovaVR.Sprint1.Task5.V1.Lib\Tyuiu.NasyrovaVR.Sprint1.Task5.V1.Lib.csproj", "{37DECA47-737D-4A12-BFD1-7D4820DBFD0F}"
EndProject
Project("{FAE04EC0-301F-11D3-BF4B-00C04F79EFBC}") = "Tyuiu.NasyrovaVR.Sprint1.Task5.V1.Test", "Tyuiu.NasyrovaVR.Sprint1.Task5.V1.Test\Tyuiu.NasyrovaVR.Sprint1.Task5.V1.Test.csproj", "{F1C44F6E-187D-4A9C-BAE0-F63D310EE6A3}"
EndProject
Global
	GlobalSection(SolutionConfigurationPlatforms) = preSolution
		Debug|Any CPU = Debug|Any CPU
		Release|Any CPU = Release|Any CPU
	EndGlobalSection
	GlobalSection(ProjectConfigurationPlatforms) = postSolution
		{D826C4F6-299B-44E5-BEB7-121C97E2D05E}.Debug|Any CPU.ActiveCfg = Debug|Any CPU
		{D826C4F6-299B-44E5-BEB7-121C97E2D05E}.Debug|Any CPU.Build.0 = Debug|Any CPU
		{D826C4F6-299B-44E5-BEB7-121C97E2D05E}.Release|Any CPU.ActiveCfg = Release|Any CPU
		{D826C4F6-299B-44E5-BEB7-121C97E2D05E}.Release|Any CPU.Build.0 = Release|Any CPU
		{7BC20198-762E-495A-8687-C066A5F99A36}.Debug|Any CPU.ActiveCfg = Debug|Any CPU
		{7BC20198-762E-495A-8687-C066A5F99A36}.Debug|Any CPU.Build.0 = Debug|Any CPU
		{7BC20198-762E-495A-8687-C066A5F99A36}.Release|Any CPU.ActiveCfg = Release|Any CPU
		{7BC20198-762E-495A-8687-C066A5F99A36}.Release|Any CPU.Build.0 = Release|Any CPU
		{C31A435A-C824-469E-B5B5-88DB498D8F8E}.Debug|Any CPU.ActiveCfg = Debug|Any CPU
		{C31A435A-C824-469E-B5B5-88DB498D8F8E}.Debug|Any CPU.Build.0 = Debug|Any CPU
		{C31A435A-C824-469E-B5B5-88DB498D8F8E}.Release|Any CPU.ActiveCfg = Release|Any CPU
		{C31A435A-C824-469E-B5B5-88DB498D8F8E}.Release|Any CPU.Build.0 = Release|Any CPU
		{00CF78F4-29E8-4F6A-9D25-79263ABF87B8}.Debug|Any CPU.ActiveCfg = Debug|Any CPU
		{00CF78F4-29E8-4F6A-9D25-79263ABF87B8}.Debug|Any CPU.Build.0 = Debug|Any CPU
		{00CF78F4-29E8-4F6A-9D25-79263ABF87B8}.Release|Any CPU.ActiveCfg = Release|Any CPU
		{00CF78F4-29E8-4F6A-9D25-79263ABF87B8}.Release|Any CPU.Build.0 = Release|Any CPU
		{AD275BBF-91B9-499F-AD3C-12272F2FBFC9}.Debug|Any CPU.ActiveCfg = Debug|Any CPU
		{AD275BBF-91B9-499F-AD3C-12272F2FBFC9}.Debug|Any CPU.Build.0 = Debug|Any CPU
		{AD275BBF-91B9-499F-AD3C-12272F2FBFC9}.Release|Any CPU.ActiveCfg = Release|Any CPU
		{AD275BBF-91B9-499F-AD3C-12272F2FBFC9}.Release|Any CPU.Build.0 = Release|Any CPU
		{80074109-CA5D-4216-8646-20EF5DB98092}.Debug|Any CPU.ActiveCfg = Debug|Any CPU
		{80074109-CA5D-4216-8646-20EF5DB98092}.Debug|Any CPU.Build.0 = Debug|Any CPU
		{80074109-CA5D-4216-8646-20EF5DB98092}.Release|Any CPU.ActiveCfg = Release|Any CPU
		{80074109-CA5D-4216-8646-20EF5DB98092}.Release|Any CPU.Build.0 = Release|Any CPU
		{67F114ED-3DE6-4F20-90A3-4262C4F2D4CC}.Debug|Any CPU.ActiveCfg = Debug|Any CPU
		{67F114ED-3DE6-4F20-90A3-4262C4F2D4CC}.Debug|Any CPU.Build.0 = Debug|Any CPU
		{67F114ED-3DE6-4F20-90A3-4262C4F2D4CC}.Release|Any CPU.ActiveCfg = Release|Any CPU
		{67F114ED-3DE6-4F20-90A3-4262C4F2D4CC}.Release|Any CPU.Build.0 = Release|Any CPU
		{C7E8831D-E5D6-4BBC-8943-53D62FF8A3E3}.Debug|Any CPU.ActiveCfg = Debug|Any CPU
		{C7E8831D-E5D6-4BBC-8943-53D62FF8A3E3}.Debug|Any CPU.Build.0 = Debug|Any CPU
		{C7E8831D-E5D6-4BBC-8943-53D62FF8A3E3}.Release|Any CPU.ActiveCfg = Release|Any CPU
		{C7E8831D-E5D6-4BBC-8943-53D62FF8A3E3}.Release|Any CPU.Build.0 = Release|Any CPU
		{07E2174F-509E-43FD-8989-FCD626996C2D}.Debug|Any CPU.ActiveCfg = Debug|Any CPU
		{07E2174F-509E-43FD-8989-FCD626996C2D}.Debug|Any CPU.Build.0 = Debug|Any CPU
		{07E2174F-509E-43FD-8989-FCD626996C2D}.Release|Any CPU.ActiveCfg = Release|Any CPU
		{07E2174F-509E-43FD-8989-FCD626996C2D}.Release|Any CPU.Build.0 = Release|Any CPU
		{600281D2-EFB9-4341-97D9-7B92AD3382F2}.Debug|Any CPU.ActiveCfg = Debug|Any CPU
		{600281D2-EFB9-4341-97D9-7B92AD3382F2}.Debug|Any CPU.Build.0 = Debug|Any CPU
		{600281D2-EFB9-4341-97D9-7B92AD3382F2}.Release|Any CPU.ActiveCfg = Release|Any CPU
		{600281D2-EFB9-4341-97D9-7B92AD3382F2}.Release|Any CPU.Build.0 = Release|Any CPU
		{70B17EF4-F321-461E-B072-C9C6A644FB62}.Debug|Any CPU.ActiveCfg = Debug|Any CPU
		{70B17EF4-F321-461E-B072-C9C6A644FB62}.Debug|Any CPU.Build.0 = Debug|Any CPU
		{70B17EF4-F321-461E-B072-C9C6A644FB62}.Release|Any CPU.ActiveCfg = Release|Any CPU
		{70B17EF4-F321-461E-B072-C9C6A644FB62}.Release|Any CPU.Build.0 = Release|Any CPU
		{05776594-9DBD-498A-8980-2542EC5D9B9D}.Debug|Any CPU.ActiveCfg = Debug|Any CPU
		{05776594-9DBD-498A-8980-2542EC5D9B9D}.Debug|Any CPU.Build.0 = Debug|Any CPU
		{05776594-9DBD-498A-8980-2542EC5D9B9D}.Release|Any CPU.ActiveCfg = Release|Any CPU
		{05776594-9DBD-498A-8980-2542EC5D9B9D}.Release|Any CPU.Build.0 = Release|Any CPU
		{A9D88DEA-5A26-4D39-BA8A-F0D4CBDC4D65}.Debug|Any CPU.ActiveCfg = Debug|Any CPU
		{A9D88DEA-5A26-4D39-BA8A-F0D4CBDC4D65}.Debug|Any CPU.Build.0 = Debug|Any CPU
		{A9D88DEA-5A26-4D39-BA8A-F0D4CBDC4D65}.Release|Any CPU.ActiveCfg = Release|Any CPU
		{A9D88DEA-5A26-4D39-BA8A-F0D4CBDC4D65}.Release|Any CPU.Build.0 = Release|Any CPU
		{4B4C0F3C-37DA-435A-8B4E-192A58908F21}.Debug|Any CPU.ActiveCfg = Debug|Any CPU
		{4B4C0F3C-37DA-435A-8B4E-192A58908F21}.Debug|Any CPU.Build.0 = Debug|Any CPU
		{4B4C0F3C-37DA-435A-8B4E-192A58908F21}.Release|Any CPU.ActiveCfg = Release|Any CPU
		{4B4C0F3C-37DA-435A-8B4E-192A58908F21}.Release|Any CPU.Build.0 = Release|Any CPU
		{DF196487-0284-4DED-9BAD-F32F93DAC783}.Debug|Any CPU.ActiveCfg = Debug|Any CPU
		{DF196487-0284-4DED-9BAD-F32F93DAC783}.Debug|Any CPU.Build.0 = Debug|Any CPU
		{DF196487-0284-4DED-9BAD-F32F93DAC783}.Release|Any CPU.ActiveCfg = Release|Any CPU
		{DF196487-0284-4DED-9BAD-F32F93DAC783}.Release|Any CPU.Build.0 = Release|Any CPU
		{DDA90ED6-884F-4079-BA50-73DAF2BD551E}.Debug|Any CPU.ActiveCfg = Debug|Any CPU
		{DDA90ED6-884F-4079-BA50-73DAF2BD551E}.Debug|Any CPU.Build.0 = Debug|Any CPU
		{DDA90ED6-884F-4079-BA50-73DAF2BD551E}.Release|Any CPU.ActiveCfg = Release|Any CPU
		{DDA90ED6-884F-4079-BA50-73DAF2BD551E}.Release|Any CPU.Build.0 = Release|Any CPU
		{37DECA47-737D-4A12-BFD1-7D4820DBFD0F}.Debug|Any CPU.ActiveCfg = Debug|Any CPU
		{37DECA47-737D-4A12-BFD1-7D4820DBFD0F}.Debug|Any CPU.Build.0 = Debug|Any CPU
		{37DECA47-737D-4A12-BFD1-7D4820DBFD0F}.Release|Any CPU.ActiveCfg = Release|Any CPU
		{37DECA47-737D-4A12-BFD1-7D4820DBFD0F}.Release|Any CPU.Build.0 = Release|Any CPU
		{F1C44F6E-187D-4A9C-BAE0-F63D310EE6A3}.Debug|Any CPU.ActiveCfg = Debug|Any CPU
		{F1C44F6E-187D-4A9C-BAE0-F63D310EE6A3}.Debug|Any CPU.Build.0 = Debug|Any CPU
		{F1C44F6E-187D-4A9C-BAE0-F63D310EE6A3}.Release|Any CPU.ActiveCfg = Release|Any CPU
		{F1C44F6E-187D-4A9C-BAE0-F63D310EE6A3}.Release|Any CPU.Build.0 = Release|Any CPU
	EndGlobalSection
	GlobalSection(SolutionProperties) = preSolution
		HideSolutionNode = FALSE
	EndGlobalSection
	GlobalSection(NestedProjects) = preSolution
		{D826C4F6-299B-44E5-BEB7-121C97E2D05E} = {6C728940-F082-4592-9C91-3C0E3EDBC196}
		{7BC20198-762E-495A-8687-C066A5F99A36} = {6C728940-F082-4592-9C91-3C0E3EDBC196}
		{C31A435A-C824-469E-B5B5-88DB498D8F8E} = {6C728940-F082-4592-9C91-3C0E3EDBC196}
		{00CF78F4-29E8-4F6A-9D25-79263ABF87B8} = {7A4D29A0-811D-4E9E-AF82-12A9FB005684}
		{AD275BBF-91B9-499F-AD3C-12272F2FBFC9} = {7A4D29A0-811D-4E9E-AF82-12A9FB005684}
		{80074109-CA5D-4216-8646-20EF5DB98092} = {7A4D29A0-811D-4E9E-AF82-12A9FB005684}
		{67F114ED-3DE6-4F20-90A3-4262C4F2D4CC} = {5BEE56A6-98A2-488A-9590-83EC6513934D}
		{C7E8831D-E5D6-4BBC-8943-53D62FF8A3E3} = {5BEE56A6-98A2-488A-9590-83EC6513934D}
		{07E2174F-509E-43FD-8989-FCD626996C2D} = {5BEE56A6-98A2-488A-9590-83EC6513934D}
		{600281D2-EFB9-4341-97D9-7B92AD3382F2} = {7B0DC7FE-E765-4A95-A536-8912F5DE7B82}
		{70B17EF4-F321-461E-B072-C9C6A644FB62} = {7B0DC7FE-E765-4A95-A536-8912F5DE7B82}
		{05776594-9DBD-498A-8980-2542EC5D9B9D} = {7B0DC7FE-E765-4A95-A536-8912F5DE7B82}
		{A9D88DEA-5A26-4D39-BA8A-F0D4CBDC4D65} = {F2A437E4-7739-4B6E-B46E-C762233CEB4B}
		{4B4C0F3C-37DA-435A-8B4E-192A58908F21} = {F2A437E4-7739-4B6E-B46E-C762233CEB4B}
		{DF196487-0284-4DED-9BAD-F32F93DAC783} = {F2A437E4-7739-4B6E-B46E-C762233CEB4B}
		{DDA90ED6-884F-4079-BA50-73DAF2BD551E} = {BE711B54-7713-4729-A3F6-6D1B2EDD57F4}
		{37DECA47-737D-4A12-BFD1-7D4820DBFD0F} = {BE711B54-7713-4729-A3F6-6D1B2EDD57F4}
		{F1C44F6E-187D-4A9C-BAE0-F63D310EE6A3} = {BE711B54-7713-4729-A3F6-6D1B2EDD57F4}
	EndGlobalSection
	GlobalSection(ExtensibilityGlobals) = postSolution
		SolutionGuid = {39FB38BC-C505-437E-910C-D435E2417B21}
	EndGlobalSection
EndGlobal
